
Microsoft Visual Studio Solution File, Format Version 12.00
# Visual Studio Version 16
VisualStudioVersion = 25.0.1706.7
MinimumVisualStudioVersion = 10.0.40219.1
Project("{FAE04EC0-301F-11D3-BF4B-00C04F79EFBC}") = "CSPOO", "CSPOO\CSPOO.csproj", "{2468FFC2-CE3E-4EA2-9830-1E5CFE3BCB2D}"
EndProject
Global
	GlobalSection(SolutionConfigurationPlatforms) = preSolution
		Debug|Any CPU = Debug|Any CPU
		Release|Any CPU = Release|Any CPU
	EndGlobalSection
	GlobalSection(ProjectConfigurationPlatforms) = postSolution
		{2468FFC2-CE3E-4EA2-9830-1E5CFE3BCB2D}.Debug|Any CPU.ActiveCfg = Debug|Any CPU
		{2468FFC2-CE3E-4EA2-9830-1E5CFE3BCB2D}.Debug|Any CPU.Build.0 = Debug|Any CPU
		{2468FFC2-CE3E-4EA2-9830-1E5CFE3BCB2D}.Release|Any CPU.ActiveCfg = Release|Any CPU
		{2468FFC2-CE3E-4EA2-9830-1E5CFE3BCB2D}.Release|Any CPU.Build.0 = Release|Any CPU
	EndGlobalSection
	GlobalSection(SolutionProperties) = preSolution
		HideSolutionNode = FALSE
	EndGlobalSection
	GlobalSection(ExtensibilityGlobals) = postSolution
		SolutionGuid = {293C0B9C-052C-4C37-9D31-E78EB1D455DC}
	EndGlobalSection
EndGlobal
